
Microsoft Visual Studio Solution File, Format Version 12.00
# Visual Studio Version 17
VisualStudioVersion = 17.10.34928.147
MinimumVisualStudioVersion = 10.0.40219.1
Project("{FAE04EC0-301F-11D3-BF4B-00C04F79EFBC}") = "MyTestNetAysncAwait", "MyTestNetAysncAwait.csproj", "{012630FF-D3B5-443E-8EEC-A9D290851BD7}"
EndProject
Global
	GlobalSection(SolutionConfigurationPlatforms) = preSolution
		Debug|Any CPU = Debug|Any CPU
		Release|Any CPU = Release|Any CPU
	EndGlobalSection
	GlobalSection(ProjectConfigurationPlatforms) = postSolution
		{012630FF-D3B5-443E-8EEC-A9D290851BD7}.Debug|Any CPU.ActiveCfg = Debug|Any CPU
		{012630FF-D3B5-443E-8EEC-A9D290851BD7}.Debug|Any CPU.Build.0 = Debug|Any CPU
		{012630FF-D3B5-443E-8EEC-A9D290851BD7}.Release|Any CPU.ActiveCfg = Release|Any CPU
		{012630FF-D3B5-443E-8EEC-A9D290851BD7}.Release|Any CPU.Build.0 = Release|Any CPU
	EndGlobalSection
	GlobalSection(SolutionProperties) = preSolution
		HideSolutionNode = FALSE
	EndGlobalSection
	GlobalSection(ExtensibilityGlobals) = postSolution
		SolutionGuid = {0E6CA6C9-B20C-4E33-872C-A6C08B0E43DE}
	EndGlobalSection
EndGlobal
